
Microsoft Visual Studio Solution File, Format Version 12.00
# Visual Studio Version 16
VisualStudioVersion = 16.0.32126.315
MinimumVisualStudioVersion = 10.0.40219.1
Project("{FAE04EC0-301F-11D3-BF4B-00C04F79EFBC}") = "Csharp-Basics-4", "Csharp-Basics-4.csproj", "{64C477BF-6681-4B53-89D8-E5E3F5644FCC}"
EndProject
Global
	GlobalSection(SolutionConfigurationPlatforms) = preSolution
		Debug|Any CPU = Debug|Any CPU
		Release|Any CPU = Release|Any CPU
	EndGlobalSection
	GlobalSection(ProjectConfigurationPlatforms) = postSolution
		{64C477BF-6681-4B53-89D8-E5E3F5644FCC}.Debug|Any CPU.ActiveCfg = Debug|Any CPU
		{64C477BF-6681-4B53-89D8-E5E3F5644FCC}.Debug|Any CPU.Build.0 = Debug|Any CPU
		{64C477BF-6681-4B53-89D8-E5E3F5644FCC}.Release|Any CPU.ActiveCfg = Release|Any CPU
		{64C477BF-6681-4B53-89D8-E5E3F5644FCC}.Release|Any CPU.Build.0 = Release|Any CPU
	EndGlobalSection
	GlobalSection(SolutionProperties) = preSolution
		HideSolutionNode = FALSE
	EndGlobalSection
	GlobalSection(ExtensibilityGlobals) = postSolution
		SolutionGuid = {709B08BF-F44E-43E9-A8D2-EE1F262D63D3}
	EndGlobalSection
EndGlobal
